
Microsoft Visual Studio Solution File, Format Version 12.00
# Visual Studio 15
VisualStudioVersion = 15.0.28307.1022
MinimumVisualStudioVersion = 10.0.40219.1
Project("{FAE04EC0-301F-11D3-BF4B-00C04F79EFBC}") = "HANA_WCF_SL_VS2017", "HANA_WCF_SL_VS2017\HANA_WCF_SL_VS2017.csproj", "{608AE011-F308-48D7-BA30-1C1AB48B6D5D}"
EndProject
Global
	GlobalSection(SolutionConfigurationPlatforms) = preSolution
		Debug|Any CPU = Debug|Any CPU
		Release|Any CPU = Release|Any CPU
	EndGlobalSection
	GlobalSection(ProjectConfigurationPlatforms) = postSolution
		{608AE011-F308-48D7-BA30-1C1AB48B6D5D}.Debug|Any CPU.ActiveCfg = Debug|Any CPU
		{608AE011-F308-48D7-BA30-1C1AB48B6D5D}.Debug|Any CPU.Build.0 = Debug|Any CPU
		{608AE011-F308-48D7-BA30-1C1AB48B6D5D}.Release|Any CPU.ActiveCfg = Release|Any CPU
		{608AE011-F308-48D7-BA30-1C1AB48B6D5D}.Release|Any CPU.Build.0 = Release|Any CPU
	EndGlobalSection
	GlobalSection(SolutionProperties) = preSolution
		HideSolutionNode = FALSE
	EndGlobalSection
	GlobalSection(ExtensibilityGlobals) = postSolution
		SolutionGuid = {C0DCED57-AB21-412A-8F70-975E6DFE0C9E}
	EndGlobalSection
EndGlobal
